
Microsoft Visual Studio Solution File, Format Version 12.00
# Visual Studio 15
VisualStudioVersion = 15.0.26730.16
MinimumVisualStudioVersion = 10.0.40219.1
Project("{FAE04EC0-301F-11D3-BF4B-00C04F79EFBC}") = "YAZLAB1", "YAZLAB1\YAZLAB1.csproj", "{7B802135-0C8B-4697-933F-8B45D9923EAB}"
EndProject
Global
	GlobalSection(SolutionConfigurationPlatforms) = preSolution
		Debug|Any CPU = Debug|Any CPU
		Release|Any CPU = Release|Any CPU
	EndGlobalSection
	GlobalSection(ProjectConfigurationPlatforms) = postSolution
		{7B802135-0C8B-4697-933F-8B45D9923EAB}.Debug|Any CPU.ActiveCfg = Debug|Any CPU
		{7B802135-0C8B-4697-933F-8B45D9923EAB}.Debug|Any CPU.Build.0 = Debug|Any CPU
		{7B802135-0C8B-4697-933F-8B45D9923EAB}.Release|Any CPU.ActiveCfg = Release|Any CPU
		{7B802135-0C8B-4697-933F-8B45D9923EAB}.Release|Any CPU.Build.0 = Release|Any CPU
	EndGlobalSection
	GlobalSection(SolutionProperties) = preSolution
		HideSolutionNode = FALSE
	EndGlobalSection
	GlobalSection(ExtensibilityGlobals) = postSolution
		SolutionGuid = {61D8152D-CE07-4AC2-9D98-87E6273BBE39}
	EndGlobalSection
EndGlobal
